
Microsoft Visual Studio Solution File, Format Version 12.00
# Visual Studio Version 17
VisualStudioVersion = 17.4.33213.308
MinimumVisualStudioVersion = 10.0.40219.1
Project("{FAE04EC0-301F-11D3-BF4B-00C04F79EFBC}") = "AutoRentingHCA.Android", "AutoRentingHCA.Android\AutoRentingHCA.Android.csproj", "{BF6600CD-8FB0-42E5-85A4-9120FEDBABCE}"
EndProject
Project("{FAE04EC0-301F-11D3-BF4B-00C04F79EFBC}") = "AutoRentingHCA.iOS", "AutoRentingHCA.iOS\AutoRentingHCA.iOS.csproj", "{40AABF64-F7BD-47B4-9ABD-CD31412185A4}"
EndProject
Project("{FAE04EC0-301F-11D3-BF4B-00C04F79EFBC}") = "AutoRentingHCA", "AutoRentingHCA\AutoRentingHCA.csproj", "{23562EBF-3D9D-4289-A3D2-793573F161A2}"
EndProject
Global
	GlobalSection(SolutionConfigurationPlatforms) = preSolution
		Debug|Any CPU = Debug|Any CPU
		Debug|iPhone = Debug|iPhone
		Debug|iPhoneSimulator = Debug|iPhoneSimulator
		Release|Any CPU = Release|Any CPU
		Release|iPhone = Release|iPhone
		Release|iPhoneSimulator = Release|iPhoneSimulator
	EndGlobalSection
	GlobalSection(ProjectConfigurationPlatforms) = postSolution
		{BF6600CD-8FB0-42E5-85A4-9120FEDBABCE}.Debug|Any CPU.ActiveCfg = Debug|Any CPU
		{BF6600CD-8FB0-42E5-85A4-9120FEDBABCE}.Debug|Any CPU.Build.0 = Debug|Any CPU
		{BF6600CD-8FB0-42E5-85A4-9120FEDBABCE}.Debug|Any CPU.Deploy.0 = Debug|Any CPU
		{BF6600CD-8FB0-42E5-85A4-9120FEDBABCE}.Debug|iPhone.ActiveCfg = Debug|Any CPU
		{BF6600CD-8FB0-42E5-85A4-9120FEDBABCE}.Debug|iPhone.Build.0 = Debug|Any CPU
		{BF6600CD-8FB0-42E5-85A4-9120FEDBABCE}.Debug|iPhone.Deploy.0 = Debug|Any CPU
		{BF6600CD-8FB0-42E5-85A4-9120FEDBABCE}.Debug|iPhoneSimulator.ActiveCfg = Debug|Any CPU
		{BF6600CD-8FB0-42E5-85A4-9120FEDBABCE}.Debug|iPhoneSimulator.Build.0 = Debug|Any CPU
		{BF6600CD-8FB0-42E5-85A4-9120FEDBABCE}.Debug|iPhoneSimulator.Deploy.0 = Debug|Any CPU
		{BF6600CD-8FB0-42E5-85A4-9120FEDBABCE}.Release|Any CPU.ActiveCfg = Release|Any CPU
		{BF6600CD-8FB0-42E5-85A4-9120FEDBABCE}.Release|Any CPU.Build.0 = Release|Any CPU
		{BF6600CD-8FB0-42E5-85A4-9120FEDBABCE}.Release|Any CPU.Deploy.0 = Release|Any CPU
		{BF6600CD-8FB0-42E5-85A4-9120FEDBABCE}.Release|iPhone.ActiveCfg = Release|Any CPU
		{BF6600CD-8FB0-42E5-85A4-9120FEDBABCE}.Release|iPhone.Build.0 = Release|Any CPU
		{BF6600CD-8FB0-42E5-85A4-9120FEDBABCE}.Release|iPhone.Deploy.0 = Release|Any CPU
		{BF6600CD-8FB0-42E5-85A4-9120FEDBABCE}.Release|iPhoneSimulator.ActiveCfg = Release|Any CPU
		{BF6600CD-8FB0-42E5-85A4-9120FEDBABCE}.Release|iPhoneSimulator.Build.0 = Release|Any CPU
		{BF6600CD-8FB0-42E5-85A4-9120FEDBABCE}.Release|iPhoneSimulator.Deploy.0 = Release|Any CPU
		{40AABF64-F7BD-47B4-9ABD-CD31412185A4}.Debug|Any CPU.ActiveCfg = Debug|iPhone
		{40AABF64-F7BD-47B4-9ABD-CD31412185A4}.Debug|Any CPU.Build.0 = Debug|iPhone
		{40AABF64-F7BD-47B4-9ABD-CD31412185A4}.Debug|Any CPU.Deploy.0 = Debug|iPhone
		{40AABF64-F7BD-47B4-9ABD-CD31412185A4}.Debug|iPhone.ActiveCfg = Debug|iPhone
		{40AABF64-F7BD-47B4-9ABD-CD31412185A4}.Debug|iPhone.Build.0 = Debug|iPhone
		{40AABF64-F7BD-47B4-9ABD-CD31412185A4}.Debug|iPhone.Deploy.0 = Debug|iPhone
		{40AABF64-F7BD-47B4-9ABD-CD31412185A4}.Debug|iPhoneSimulator.ActiveCfg = Debug|iPhoneSimulator
		{40AABF64-F7BD-47B4-9ABD-CD31412185A4}.Debug|iPhoneSimulator.Build.0 = Debug|iPhoneSimulator
		{40AABF64-F7BD-47B4-9ABD-CD31412185A4}.Debug|iPhoneSimulator.Deploy.0 = Debug|iPhoneSimulator
		{40AABF64-F7BD-47B4-9ABD-CD31412185A4}.Release|Any CPU.ActiveCfg = Release|iPhoneSimulator
		{40AABF64-F7BD-47B4-9ABD-CD31412185A4}.Release|Any CPU.Build.0 = Release|iPhoneSimulator
		{40AABF64-F7BD-47B4-9ABD-CD31412185A4}.Release|Any CPU.Deploy.0 = Release|iPhoneSimulator
		{40AABF64-F7BD-47B4-9ABD-CD31412185A4}.Release|iPhone.ActiveCfg = Release|iPhone
		{40AABF64-F7BD-47B4-9ABD-CD31412185A4}.Release|iPhone.Build.0 = Release|iPhone
		{40AABF64-F7BD-47B4-9ABD-CD31412185A4}.Release|iPhone.Deploy.0 = Release|iPhone
		{40AABF64-F7BD-47B4-9ABD-CD31412185A4}.Release|iPhoneSimulator.ActiveCfg = Release|iPhoneSimulator
		{40AABF64-F7BD-47B4-9ABD-CD31412185A4}.Release|iPhoneSimulator.Build.0 = Release|iPhoneSimulator
		{40AABF64-F7BD-47B4-9ABD-CD31412185A4}.Release|iPhoneSimulator.Deploy.0 = Release|iPhoneSimulator
		{23562EBF-3D9D-4289-A3D2-793573F161A2}.Debug|Any CPU.ActiveCfg = Debug|Any CPU
		{23562EBF-3D9D-4289-A3D2-793573F161A2}.Debug|Any CPU.Build.0 = Debug|Any CPU
		{23562EBF-3D9D-4289-A3D2-793573F161A2}.Debug|Any CPU.Deploy.0 = Debug|Any CPU
		{23562EBF-3D9D-4289-A3D2-793573F161A2}.Debug|iPhone.ActiveCfg = Debug|Any CPU
		{23562EBF-3D9D-4289-A3D2-793573F161A2}.Debug|iPhone.Build.0 = Debug|Any CPU
		{23562EBF-3D9D-4289-A3D2-793573F161A2}.Debug|iPhone.Deploy.0 = Debug|Any CPU
		{23562EBF-3D9D-4289-A3D2-793573F161A2}.Debug|iPhoneSimulator.ActiveCfg = Debug|Any CPU
		{23562EBF-3D9D-4289-A3D2-793573F161A2}.Debug|iPhoneSimulator.Build.0 = Debug|Any CPU
		{23562EBF-3D9D-4289-A3D2-793573F161A2}.Debug|iPhoneSimulator.Deploy.0 = Debug|Any CPU
		{23562EBF-3D9D-4289-A3D2-793573F161A2}.Release|Any CPU.ActiveCfg = Release|Any CPU
		{23562EBF-3D9D-4289-A3D2-793573F161A2}.Release|Any CPU.Build.0 = Release|Any CPU
		{23562EBF-3D9D-4289-A3D2-793573F161A2}.Release|Any CPU.Deploy.0 = Release|Any CPU
		{23562EBF-3D9D-4289-A3D2-793573F161A2}.Release|iPhone.ActiveCfg = Release|Any CPU
		{23562EBF-3D9D-4289-A3D2-793573F161A2}.Release|iPhone.Build.0 = Release|Any CPU
		{23562EBF-3D9D-4289-A3D2-793573F161A2}.Release|iPhone.Deploy.0 = Release|Any CPU
		{23562EBF-3D9D-4289-A3D2-793573F161A2}.Release|iPhoneSimulator.ActiveCfg = Release|Any CPU
		{23562EBF-3D9D-4289-A3D2-793573F161A2}.Release|iPhoneSimulator.Build.0 = Release|Any CPU
		{23562EBF-3D9D-4289-A3D2-793573F161A2}.Release|iPhoneSimulator.Deploy.0 = Release|Any CPU
	EndGlobalSection
	GlobalSection(SolutionProperties) = preSolution
		HideSolutionNode = FALSE
	EndGlobalSection
	GlobalSection(ExtensibilityGlobals) = postSolution
		SolutionGuid = {9D525E2D-08F6-4A8C-B064-C1287F30AA1D}
	EndGlobalSection
EndGlobal
